{
  "name": "neurosky-reader",
  "version": "1.0.0",
  "lockfileVersion": 2,
  "requires": true,
  "packages": {
    "": {
      "version": "1.0.0",
      "license": "GPL-3.0",
      "dependencies": {
        "node-thinkgear-sockets": "^0.0.1"
      }
    },
    "node_modules/node-thinkgear-sockets": {
      "version": "0.0.1",
      "resolved": "https://registry.npmjs.org/node-thinkgear-sockets/-/node-thinkgear-sockets-0.0.1.tgz",
      "integrity": "sha1-In23jOwrnkWcui7Hi6+PeGZ0YhQ="
    }
  },
  "dependencies": {
    "node-thinkgear-sockets": {
      "version": "0.0.1",
      "resolved": "https://registry.npmjs.org/node-thinkgear-sockets/-/node-thinkgear-sockets-0.0.1.tgz",
      "integrity": "sha1-In23jOwrnkWcui7Hi6+PeGZ0YhQ="
    }
  }
}
